
Microsoft Visual Studio Solution File, Format Version 12.00
# Visual Studio Version 16
VisualStudioVersion = 16.0.30503.244
MinimumVisualStudioVersion = 10.0.40219.1
Project("{2150E333-8FDC-42A3-9474-1A3956D46DE8}") = "Domain", "Domain", "{1D1E023B-31F4-43B9-8C87-2B9DC313C883}"
EndProject
Project("{FAE04EC0-301F-11D3-BF4B-00C04F79EFBC}") = "FinChat.Domain.Core", "src\FinChat.Domain.Core\FinChat.Domain.Core.csproj", "{25C6552C-7E32-4F10-9595-0A74F24091B8}"
EndProject
Project("{2150E333-8FDC-42A3-9474-1A3956D46DE8}") = "Infra", "Infra", "{C9E2319E-9AF9-4850-9976-74E92BEDE4E6}"
EndProject
Project("{FAE04EC0-301F-11D3-BF4B-00C04F79EFBC}") = "FinChat.Infra.Core.Bus", "src\FinChat.Infra.Core.Bus\FinChat.Infra.Core.Bus.csproj", "{99B9D80B-4758-4F35-B5ED-C6C504C3FE3E}"
EndProject
Project("{FAE04EC0-301F-11D3-BF4B-00C04F79EFBC}") = "FinChat.Infra.Core.IoC", "src\FinChat.Infra.Core.IoC\FinChat.Infra.Core.IoC.csproj", "{9E934CFE-ADB2-4AE9-A008-62018C463EC3}"
EndProject
Project("{2150E333-8FDC-42A3-9474-1A3956D46DE8}") = "Chat", "Chat", "{152C7928-C624-4511-92AA-ED967F0C2AA8}"
EndProject
Project("{2150E333-8FDC-42A3-9474-1A3956D46DE8}") = "ChatBots", "ChatBots", "{B7688DF3-D7B8-4C21-A039-1DE978EA7CFC}"
EndProject
Project("{2150E333-8FDC-42A3-9474-1A3956D46DE8}") = "0 - Presentation", "0 - Presentation", "{B18DF7E6-EA2B-4901-8386-A36FB4FB023B}"
EndProject
Project("{2150E333-8FDC-42A3-9474-1A3956D46DE8}") = "1 - Application", "1 - Application", "{B3D0651D-1BEC-4918-9A00-99037C88DFB9}"
EndProject
Project("{2150E333-8FDC-42A3-9474-1A3956D46DE8}") = "3 - Domain", "3 - Domain", "{89EE5AA9-A5EC-40A7-AF2A-3A9E2FFEDC71}"
EndProject
Project("{2150E333-8FDC-42A3-9474-1A3956D46DE8}") = "4 - Infra", "4 - Infra", "{B50BFA02-EB20-4D0B-8F68-C2C19AF1BD8F}"
EndProject
Project("{FAE04EC0-301F-11D3-BF4B-00C04F79EFBC}") = "FinChat.Chat.Web", "src\FinChat.Chat.Web\FinChat.Chat.Web.csproj", "{92D3DC18-3FA0-446B-BD8D-374F3954CCFA}"
EndProject
Project("{FAE04EC0-301F-11D3-BF4B-00C04F79EFBC}") = "FinChat.Chat.Application", "src\FinChat.Chat.Application\FinChat.Chat.Application.csproj", "{1339297C-65C0-42BC-8297-27E030855AD2}"
EndProject
Project("{FAE04EC0-301F-11D3-BF4B-00C04F79EFBC}") = "FinChat.Chat.Domain", "src\FinChat.Chat.Domain\FinChat.Chat.Domain.csproj", "{4808FA5D-6665-47C9-B003-B995C7E20C54}"
EndProject
Project("{FAE04EC0-301F-11D3-BF4B-00C04F79EFBC}") = "FinChat.Chat.Data", "src\FinChat.Chat.Data\FinChat.Chat.Data.csproj", "{A280152C-B06F-4DAB-9B1A-362686DD40D9}"
EndProject
Project("{FAE04EC0-301F-11D3-BF4B-00C04F79EFBC}") = "FinChat.ChatBots.StockQuotation", "src\FinChat.ChatBots.StockQuotation\FinChat.ChatBots.StockQuotation.csproj", "{BF763E19-2AF5-4D59-8054-4EA9125FCB37}"
EndProject
Project("{2150E333-8FDC-42A3-9474-1A3956D46DE8}") = "5 - Tests", "5 - Tests", "{D223FF52-85F9-42D0-A3FD-34ABDF00C162}"
EndProject
Project("{FAE04EC0-301F-11D3-BF4B-00C04F79EFBC}") = "FinChat.Chat.UnitTests", "src\FinChat.Chat.UnitTests\FinChat.Chat.UnitTests.csproj", "{AA049DF1-D9AC-4DEE-9B05-250A511D6590}"
EndProject
Project("{2150E333-8FDC-42A3-9474-1A3956D46DE8}") = "StockQuotation", "StockQuotation", "{C0F5AFD7-8062-479E-9433-20EBF67CE244}"
EndProject
Project("{FAE04EC0-301F-11D3-BF4B-00C04F79EFBC}") = "FinChat.ChatBots.SotckQuotation.Tests", "src\FinChat.ChatBots.SotckQuotation.Tests\FinChat.ChatBots.SotckQuotation.Tests.csproj", "{3964146D-1D8F-40D3-A407-15B06E3CC525}"
EndProject
Project("{FAE04EC0-301F-11D3-BF4B-00C04F79EFBC}") = "FinChat.Chat.WebSocket", "src\FinChat.Chat.WebSocket\FinChat.Chat.WebSocket.csproj", "{44B8316D-5961-4D69-B3BD-1EA410B65841}"
EndProject
Global
	GlobalSection(SolutionConfigurationPlatforms) = preSolution
		Debug|Any CPU = Debug|Any CPU
		Release|Any CPU = Release|Any CPU
	EndGlobalSection
	GlobalSection(ProjectConfigurationPlatforms) = postSolution
		{25C6552C-7E32-4F10-9595-0A74F24091B8}.Debug|Any CPU.ActiveCfg = Debug|Any CPU
		{25C6552C-7E32-4F10-9595-0A74F24091B8}.Debug|Any CPU.Build.0 = Debug|Any CPU
		{25C6552C-7E32-4F10-9595-0A74F24091B8}.Release|Any CPU.ActiveCfg = Release|Any CPU
		{25C6552C-7E32-4F10-9595-0A74F24091B8}.Release|Any CPU.Build.0 = Release|Any CPU
		{99B9D80B-4758-4F35-B5ED-C6C504C3FE3E}.Debug|Any CPU.ActiveCfg = Debug|Any CPU
		{99B9D80B-4758-4F35-B5ED-C6C504C3FE3E}.Debug|Any CPU.Build.0 = Debug|Any CPU
		{99B9D80B-4758-4F35-B5ED-C6C504C3FE3E}.Release|Any CPU.ActiveCfg = Release|Any CPU
		{99B9D80B-4758-4F35-B5ED-C6C504C3FE3E}.Release|Any CPU.Build.0 = Release|Any CPU
		{9E934CFE-ADB2-4AE9-A008-62018C463EC3}.Debug|Any CPU.ActiveCfg = Debug|Any CPU
		{9E934CFE-ADB2-4AE9-A008-62018C463EC3}.Debug|Any CPU.Build.0 = Debug|Any CPU
		{9E934CFE-ADB2-4AE9-A008-62018C463EC3}.Release|Any CPU.ActiveCfg = Release|Any CPU
		{9E934CFE-ADB2-4AE9-A008-62018C463EC3}.Release|Any CPU.Build.0 = Release|Any CPU
		{92D3DC18-3FA0-446B-BD8D-374F3954CCFA}.Debug|Any CPU.ActiveCfg = Debug|Any CPU
		{92D3DC18-3FA0-446B-BD8D-374F3954CCFA}.Debug|Any CPU.Build.0 = Debug|Any CPU
		{92D3DC18-3FA0-446B-BD8D-374F3954CCFA}.Release|Any CPU.ActiveCfg = Release|Any CPU
		{92D3DC18-3FA0-446B-BD8D-374F3954CCFA}.Release|Any CPU.Build.0 = Release|Any CPU
		{1339297C-65C0-42BC-8297-27E030855AD2}.Debug|Any CPU.ActiveCfg = Debug|Any CPU
		{1339297C-65C0-42BC-8297-27E030855AD2}.Debug|Any CPU.Build.0 = Debug|Any CPU
		{1339297C-65C0-42BC-8297-27E030855AD2}.Release|Any CPU.ActiveCfg = Release|Any CPU
		{1339297C-65C0-42BC-8297-27E030855AD2}.Release|Any CPU.Build.0 = Release|Any CPU
		{4808FA5D-6665-47C9-B003-B995C7E20C54}.Debug|Any CPU.ActiveCfg = Debug|Any CPU
		{4808FA5D-6665-47C9-B003-B995C7E20C54}.Debug|Any CPU.Build.0 = Debug|Any CPU
		{4808FA5D-6665-47C9-B003-B995C7E20C54}.Release|Any CPU.ActiveCfg = Release|Any CPU
		{4808FA5D-6665-47C9-B003-B995C7E20C54}.Release|Any CPU.Build.0 = Release|Any CPU
		{A280152C-B06F-4DAB-9B1A-362686DD40D9}.Debug|Any CPU.ActiveCfg = Debug|Any CPU
		{A280152C-B06F-4DAB-9B1A-362686DD40D9}.Debug|Any CPU.Build.0 = Debug|Any CPU
		{A280152C-B06F-4DAB-9B1A-362686DD40D9}.Release|Any CPU.ActiveCfg = Release|Any CPU
		{A280152C-B06F-4DAB-9B1A-362686DD40D9}.Release|Any CPU.Build.0 = Release|Any CPU
		{BF763E19-2AF5-4D59-8054-4EA9125FCB37}.Debug|Any CPU.ActiveCfg = Debug|Any CPU
		{BF763E19-2AF5-4D59-8054-4EA9125FCB37}.Debug|Any CPU.Build.0 = Debug|Any CPU
		{BF763E19-2AF5-4D59-8054-4EA9125FCB37}.Release|Any CPU.ActiveCfg = Release|Any CPU
		{BF763E19-2AF5-4D59-8054-4EA9125FCB37}.Release|Any CPU.Build.0 = Release|Any CPU
		{AA049DF1-D9AC-4DEE-9B05-250A511D6590}.Debug|Any CPU.ActiveCfg = Debug|Any CPU
		{AA049DF1-D9AC-4DEE-9B05-250A511D6590}.Debug|Any CPU.Build.0 = Debug|Any CPU
		{AA049DF1-D9AC-4DEE-9B05-250A511D6590}.Release|Any CPU.ActiveCfg = Release|Any CPU
		{AA049DF1-D9AC-4DEE-9B05-250A511D6590}.Release|Any CPU.Build.0 = Release|Any CPU
		{3964146D-1D8F-40D3-A407-15B06E3CC525}.Debug|Any CPU.ActiveCfg = Debug|Any CPU
		{3964146D-1D8F-40D3-A407-15B06E3CC525}.Debug|Any CPU.Build.0 = Debug|Any CPU
		{3964146D-1D8F-40D3-A407-15B06E3CC525}.Release|Any CPU.ActiveCfg = Release|Any CPU
		{3964146D-1D8F-40D3-A407-15B06E3CC525}.Release|Any CPU.Build.0 = Release|Any CPU
		{44B8316D-5961-4D69-B3BD-1EA410B65841}.Debug|Any CPU.ActiveCfg = Debug|Any CPU
		{44B8316D-5961-4D69-B3BD-1EA410B65841}.Debug|Any CPU.Build.0 = Debug|Any CPU
		{44B8316D-5961-4D69-B3BD-1EA410B65841}.Release|Any CPU.ActiveCfg = Release|Any CPU
		{44B8316D-5961-4D69-B3BD-1EA410B65841}.Release|Any CPU.Build.0 = Release|Any CPU
	EndGlobalSection
	GlobalSection(SolutionProperties) = preSolution
		HideSolutionNode = FALSE
	EndGlobalSection
	GlobalSection(NestedProjects) = preSolution
		{25C6552C-7E32-4F10-9595-0A74F24091B8} = {1D1E023B-31F4-43B9-8C87-2B9DC313C883}
		{99B9D80B-4758-4F35-B5ED-C6C504C3FE3E} = {C9E2319E-9AF9-4850-9976-74E92BEDE4E6}
		{9E934CFE-ADB2-4AE9-A008-62018C463EC3} = {C9E2319E-9AF9-4850-9976-74E92BEDE4E6}
		{B18DF7E6-EA2B-4901-8386-A36FB4FB023B} = {152C7928-C624-4511-92AA-ED967F0C2AA8}
		{B3D0651D-1BEC-4918-9A00-99037C88DFB9} = {152C7928-C624-4511-92AA-ED967F0C2AA8}
		{89EE5AA9-A5EC-40A7-AF2A-3A9E2FFEDC71} = {152C7928-C624-4511-92AA-ED967F0C2AA8}
		{B50BFA02-EB20-4D0B-8F68-C2C19AF1BD8F} = {152C7928-C624-4511-92AA-ED967F0C2AA8}
		{92D3DC18-3FA0-446B-BD8D-374F3954CCFA} = {B18DF7E6-EA2B-4901-8386-A36FB4FB023B}
		{1339297C-65C0-42BC-8297-27E030855AD2} = {B3D0651D-1BEC-4918-9A00-99037C88DFB9}
		{4808FA5D-6665-47C9-B003-B995C7E20C54} = {89EE5AA9-A5EC-40A7-AF2A-3A9E2FFEDC71}
		{A280152C-B06F-4DAB-9B1A-362686DD40D9} = {B50BFA02-EB20-4D0B-8F68-C2C19AF1BD8F}
		{BF763E19-2AF5-4D59-8054-4EA9125FCB37} = {C0F5AFD7-8062-479E-9433-20EBF67CE244}
		{D223FF52-85F9-42D0-A3FD-34ABDF00C162} = {152C7928-C624-4511-92AA-ED967F0C2AA8}
		{AA049DF1-D9AC-4DEE-9B05-250A511D6590} = {D223FF52-85F9-42D0-A3FD-34ABDF00C162}
		{C0F5AFD7-8062-479E-9433-20EBF67CE244} = {B7688DF3-D7B8-4C21-A039-1DE978EA7CFC}
		{3964146D-1D8F-40D3-A407-15B06E3CC525} = {C0F5AFD7-8062-479E-9433-20EBF67CE244}
		{44B8316D-5961-4D69-B3BD-1EA410B65841} = {B50BFA02-EB20-4D0B-8F68-C2C19AF1BD8F}
	EndGlobalSection
	GlobalSection(ExtensibilityGlobals) = postSolution
		SolutionGuid = {DA555D0A-DC8C-4BAD-9212-956ED504CFF5}
	EndGlobalSection
EndGlobal
